Microsoft Visual Studio Solution File, Format Version 12.00
# Visual Studio Version 17
VisualStudioVersion = 17.5.2.0
MinimumVisualStudioVersion = 10.0.40219.1
Project("{FAE04EC0-301F-11D3-BF4B-00C04F79EFBC}") = "TinyUrlService", "TinyUrlService\TinyUrlService.csproj", "{FE330DDA-76F0-5D90-26B9-7EDFEB3DA202}"
EndProject
Global
	GlobalSection(SolutionConfigurationPlatforms) = preSolution
		Debug|Any CPU = Debug|Any CPU
		Release|Any CPU = Release|Any CPU
	EndGlobalSection
	GlobalSection(ProjectConfigurationPlatforms) = postSolution
		{FE330DDA-76F0-5D90-26B9-7EDFEB3DA202}.Debug|Any CPU.ActiveCfg = Debug|Any CPU
		{FE330DDA-76F0-5D90-26B9-7EDFEB3DA202}.Debug|Any CPU.Build.0 = Debug|Any CPU
		{FE330DDA-76F0-5D90-26B9-7EDFEB3DA202}.Release|Any CPU.ActiveCfg = Release|Any CPU
		{FE330DDA-76F0-5D90-26B9-7EDFEB3DA202}.Release|Any CPU.Build.0 = Release|Any CPU
	EndGlobalSection
	GlobalSection(SolutionProperties) = preSolution
		HideSolutionNode = FALSE
	EndGlobalSection
	GlobalSection(ExtensibilityGlobals) = postSolution
		SolutionGuid = {18D64C2C-DA53-46C6-BE91-563CADAF7AE1}
	EndGlobalSection
EndGlobal
